
Microsoft Visual Studio Solution File, Format Version 12.00
# Visual Studio Version 17
VisualStudioVersion = 17.1.32421.90
MinimumVisualStudioVersion = 10.0.40219.1
Project("{FAE04EC0-301F-11D3-BF4B-00C04F79EFBC}") = "ObjectsAndClasses", "ObjectsAndClasses\ObjectsAndClasses.csproj", "{70994EB6-0674-4B4C-A219-CCBAF47E315E}"
EndProject
Global
	GlobalSection(SolutionConfigurationPlatforms) = preSolution
		Debug|Any CPU = Debug|Any CPU
		Release|Any CPU = Release|Any CPU
	EndGlobalSection
	GlobalSection(ProjectConfigurationPlatforms) = postSolution
		{70994EB6-0674-4B4C-A219-CCBAF47E315E}.Debug|Any CPU.ActiveCfg = Debug|Any CPU
		{70994EB6-0674-4B4C-A219-CCBAF47E315E}.Debug|Any CPU.Build.0 = Debug|Any CPU
		{70994EB6-0674-4B4C-A219-CCBAF47E315E}.Release|Any CPU.ActiveCfg = Release|Any CPU
		{70994EB6-0674-4B4C-A219-CCBAF47E315E}.Release|Any CPU.Build.0 = Release|Any CPU
	EndGlobalSection
	GlobalSection(SolutionProperties) = preSolution
		HideSolutionNode = FALSE
	EndGlobalSection
	GlobalSection(ExtensibilityGlobals) = postSolution
		SolutionGuid = {D1D793F8-32D6-416F-93C6-7088C7643466}
	EndGlobalSection
EndGlobal
